// !$*UTF8*$!
{
	archiveVersion = 1;
	classes = {
	};
	objectVersion = 55;
	objects = {

/* Begin PBXBuildFile section */
		00476AF692D1C48EA5BD5047 /* Pods_HouseBrowse_HouseBrowseUITests.framework in Frameworks */ = {isa = PBXBuildFile; fileRef = 2E4A12324E8AF212B5015034 /* Pods_HouseBrowse_HouseBrowseUITests.framework */; };
		5AA6CF65CF7DDA5FB0B2F4C4 /* Pods_HouseBrowse.framework in Frameworks */ = {isa = PBXBuildFile; fileRef = B2617201C00895E221F301B9 /* Pods_HouseBrowse.framework */; };
		658E9D572801063A00EBB445 /* AppDelegate.swift in Sources */ = {isa = PBXBuildFile; fileRef = 658E9D562801063A00EBB445 /* AppDelegate.swift */; };
		658E9D592801063A00EBB445 /* SceneDelegate.swift in Sources */ = {isa = PBXBuildFile; fileRef = 658E9D582801063A00EBB445 /* SceneDelegate.swift */; };
		658E9D5B2801063A00EBB445 /* ViewController.swift in Sources */ = {isa = PBXBuildFile; fileRef = 658E9D5A2801063A00EBB445 /* ViewController.swift */; };
		658E9D5E2801063A00EBB445 /* Main.storyboard in Resources */ = {isa = PBXBuildFile; fileRef = 658E9D5C2801063A00EBB445 /* Main.storyboard */; };
		658E9D602801063C00EBB445 /* Assets.xcassets in Resources */ = {isa = PBXBuildFile; fileRef = 658E9D5F2801063C00EBB445 /* Assets.xcassets */; };
		658E9D632801063C00EBB445 /* LaunchScreen.storyboard in Resources */ = {isa = PBXBuildFile; fileRef = 658E9D612801063C00EBB445 /* LaunchScreen.storyboard */; };
		658E9D6E2801063D00EBB445 /* HouseBrowseTests.swift in Sources */ = {isa = PBXBuildFile; fileRef = 658E9D6D2801063D00EBB445 /* HouseBrowseTests.swift */; };
		658E9D782801063D00EBB445 /* HouseBrowseUITests.swift in Sources */ = {isa = PBXBuildFile; fileRef = 658E9D772801063D00EBB445 /* HouseBrowseUITests.swift */; };
		658E9D7A2801063D00EBB445 /* HouseBrowseUITestsLaunchTests.swift in Sources */ = {isa = PBXBuildFile; fileRef = 658E9D792801063D00EBB445 /* HouseBrowseUITestsLaunchTests.swift */; };
		717173B53AECAEB820453B2E /* Pods_HouseBrowseTests.framework in Frameworks */ = {isa = PBXBuildFile; fileRef = 9CCEBFFF1BEBD8B76B9467A8 /* Pods_HouseBrowseTests.framework */; };
/* End PBXBuildFile section */

/* Begin PBXContainerItemProxy section */
		658E9D6A2801063D00EBB445 /* PBXContainerItemProxy */ = {
			isa = PBXContainerItemProxy;
			containerPortal = 658E9D4B2801063A00EBB445 /* Project object */;
			proxyType = 1;
			remoteGlobalIDString = 658E9D522801063A00EBB445;
			remoteInfo = HouseBrowse;
		};
		658E9D742801063D00EBB445 /* PBXContainerItemProxy */ = {
			isa = PBXContainerItemProxy;
			containerPortal = 658E9D4B2801063A00EBB445 /* Project object */;
			proxyType = 1;
			remoteGlobalIDString = 658E9D522801063A00EBB445;
			remoteInfo = HouseBrowse;
		};
/* End PBXContainerItemProxy section */

/* Begin PBXFileReference section */
		12CBB012DB2EF22C74F352DC /* Pods-HouseBrowseTests.release.xcconfig */ = {isa = PBXFileReference; includeInIndex = 1; lastKnownFileType = text.xcconfig; name = "Pods-HouseBrowseTests.release.xcconfig"; path = "Target Support Files/Pods-HouseBrowseTests/Pods-HouseBrowseTests.release.xcconfig"; sourceTree = "<group>"; };
		2E4A12324E8AF212B5015034 /* Pods_HouseBrowse_HouseBrowseUITests.framework */ = {isa = PBXFileReference; explicitFileType = wrapper.framework; includeInIndex = 0; path = Pods_HouseBrowse_HouseBrowseUITests.framework; sourceTree = BUILT_PRODUCTS_DIR; };
		658E9D532801063A00EBB445 /* HouseBrowse.app */ = {isa = PBXFileReference; explicitFileType = wrapper.application; includeInIndex = 0; path = HouseBrowse.app; sourceTree = BUILT_PRODUCTS_DIR; };
		658E9D562801063A00EBB445 /* AppDelegate.swift */ = {isa = PBXFileReference; lastKnownFileType = sourcecode.swift; path = AppDelegate.swift; sourceTree = "<group>"; };
		658E9D582801063A00EBB445 /* SceneDelegate.swift */ = {isa = PBXFileReference; lastKnownFileType = sourcecode.swift; path = SceneDelegate.swift; sourceTree = "<group>"; };
		658E9D5A2801063A00EBB445 /* ViewController.swift */ = {isa = PBXFileReference; lastKnownFileType = sourcecode.swift; path = ViewController.swift; sourceTree = "<group>"; };
		658E9D5D2801063A00EBB445 /* Base */ = {isa = PBXFileReference; lastKnownFileType = file.storyboard; name = Base; path = Base.lproj/Main.storyboard; sourceTree = "<group>"; };
		658E9D5F2801063C00EBB445 /* Assets.xcassets */ = {isa = PBXFileReference; lastKnownFileType = folder.assetcatalog; path = Assets.xcassets; sourceTree = "<group>"; };
		658E9D622801063C00EBB445 /* Base */ = {isa = PBXFileReference; lastKnownFileType = file.storyboard; name = Base; path = Base.lproj/LaunchScreen.storyboard; sourceTree = "<group>"; };
		658E9D642801063C00EBB445 /* Info.plist */ = {isa = PBXFileReference; lastKnownFileType = text.plist.xml; path = Info.plist; sourceTree = "<group>"; };
		658E9D692801063D00EBB445 /* HouseBrowseTests.xctest */ = {isa = PBXFileReference; explicitFileType = wrapper.cfbundle; includeInIndex = 0; path = HouseBrowseTests.xctest; sourceTree = BUILT_PRODUCTS_DIR; };
		658E9D6D2801063D00EBB445 /* HouseBrowseTests.swift */ = {isa = PBXFileReference; lastKnownFileType = sourcecode.swift; path = HouseBrowseTests.swift; sourceTree = "<group>"; };
		658E9D732801063D00EBB445 /* HouseBrowseUITests.xctest */ = {isa = PBXFileReference; explicitFileType = wrapper.cfbundle; includeInIndex = 0; path = HouseBrowseUITests.xctest; sourceTree = BUILT_PRODUCTS_DIR; };
		658E9D772801063D00EBB445 /* HouseBrowseUITests.swift */ = {isa = PBXFileReference; lastKnownFileType = sourcecode.swift; path = HouseBrowseUITests.swift; sourceTree = "<group>"; };
		658E9D792801063D00EBB445 /* HouseBrowseUITestsLaunchTests.swift */ = {isa = PBXFileReference; lastKnownFileType = sourcecode.swift; path = HouseBrowseUITestsLaunchTests.swift; sourceTree = "<group>"; };
		7330E779E52C5C0DFB0DBBAF /* Pods-HouseBrowse-HouseBrowseUITests.release.xcconfig */ = {isa = PBXFileReference; includeInIndex = 1; lastKnownFileType = text.xcconfig; name = "Pods-HouseBrowse-HouseBrowseUITests.release.xcconfig"; path = "Target Support Files/Pods-HouseBrowse-HouseBrowseUITests/Pods-HouseBrowse-HouseBrowseUITests.release.xcconfig"; sourceTree = "<group>"; };
		8AFDF220AB56C32571244101 /* Pods-HouseBrowse.debug.xcconfig */ = {isa = PBXFileReference; includeInIndex = 1; lastKnownFileType = text.xcconfig; name = "Pods-HouseBrowse.debug.xcconfig"; path = "Target Support Files/Pods-HouseBrowse/Pods-HouseBrowse.debug.xcconfig"; sourceTree = "<group>"; };
		9CCEBFFF1BEBD8B76B9467A8 /* Pods_HouseBrowseTests.framework */ = {isa = PBXFileReference; explicitFileType = wrapper.framework; includeInIndex = 0; path = Pods_HouseBrowseTests.framework; sourceTree = BUILT_PRODUCTS_DIR; };
		B2617201C00895E221F301B9 /* Pods_HouseBrowse.framework */ = {isa = PBXFileReference; explicitFileType = wrapper.framework; includeInIndex = 0; path = Pods_HouseBrowse.framework; sourceTree = BUILT_PRODUCTS_DIR; };
		C6D33CC34899E7A414070B73 /* Pods-HouseBrowse-HouseBrowseUITests.debug.xcconfig */ = {isa = PBXFileReference; includeInIndex = 1; lastKnownFileType = text.xcconfig; name = "Pods-HouseBrowse-HouseBrowseUITests.debug.xcconfig"; path = "Target Support Files/Pods-HouseBrowse-HouseBrowseUITests/Pods-HouseBrowse-HouseBrowseUITests.debug.xcconfig"; sourceTree = "<group>"; };
		CCA4F577B725CEEDB835C238 /* Pods-HouseBrowseTests.debug.xcconfig */ = {isa = PBXFileReference; includeInIndex = 1; lastKnownFileType = text.xcconfig; name = "Pods-HouseBrowseTests.debug.xcconfig"; path = "Target Support Files/Pods-HouseBrowseTests/Pods-HouseBrowseTests.debug.xcconfig"; sourceTree = "<group>"; };
		D4B989C81F2FDB16EFF71CC8 /* Pods-HouseBrowse.release.xcconfig */ = {isa = PBXFileReference; includeInIndex = 1; lastKnownFileType = text.xcconfig; name = "Pods-HouseBrowse.release.xcconfig"; path = "Target Support Files/Pods-HouseBrowse/Pods-HouseBrowse.release.xcconfig"; sourceTree = "<group>"; };
/* End PBXFileReference section */

/* Begin PBXFrameworksBuildPhase section */
		658E9D502801063A00EBB445 /* Frameworks */ = {
			isa = PBXFrameworksBuildPhase;
			buildActionMask = 2147483647;
			files = (
				5AA6CF65CF7DDA5FB0B2F4C4 /* Pods_HouseBrowse.framework in Frameworks */,
			);
			runOnlyForDeploymentPostprocessing = 0;
		};
		658E9D662801063D00EBB445 /* Frameworks */ = {
			isa = PBXFrameworksBuildPhase;
			buildActionMask = 2147483647;
			files = (
				717173B53AECAEB820453B2E /* Pods_HouseBrowseTests.framework in Frameworks */,
			);
			runOnlyForDeploymentPostprocessing = 0;
		};
		658E9D702801063D00EBB445 /* Frameworks */ = {
			isa = PBXFrameworksBuildPhase;
			buildActionMask = 2147483647;
			files = (
				00476AF692D1C48EA5BD5047 /* Pods_HouseBrowse_HouseBrowseUITests.framework in Frameworks */,
			);
			runOnlyForDeploymentPostprocessing = 0;
		};
/* End PBXFrameworksBuildPhase section */

/* Begin PBXGroup section */
		1BB5FD315DD67CDC01BF57A9 /* Frameworks */ = {
			isa = PBXGroup;
			children = (
				B2617201C00895E221F301B9 /* Pods_HouseBrowse.framework */,
				2E4A12324E8AF212B5015034 /* Pods_HouseBrowse_HouseBrowseUITests.framework */,
				9CCEBFFF1BEBD8B76B9467A8 /* Pods_HouseBrowseTests.framework */,
			);
			name = Frameworks;
			sourceTree = "<group>";
		};
		658E9D4A2801063A00EBB445 = {
			isa = PBXGroup;
			children = (
				658E9D552801063A00EBB445 /* HouseBrowse */,
				658E9D6C2801063D00EBB445 /* HouseBrowseTests */,
				658E9D762801063D00EBB445 /* HouseBrowseUITests */,
				658E9D542801063A00EBB445 /* Products */,
				82EC8C94DBA9A07D4AADB720 /* Pods */,
				1BB5FD315DD67CDC01BF57A9 /* Frameworks */,
			);
			sourceTree = "<group>";
		};
		658E9D542801063A00EBB445 /* Products */ = {
			isa = PBXGroup;
			children = (
				658E9D532801063A00EBB445 /* HouseBrowse.app */,
				658E9D692801063D00EBB445 /* HouseBrowseTests.xctest */,
				658E9D732801063D00EBB445 /* HouseBrowseUITests.xctest */,
			);
			name = Products;
			sourceTree = "<group>";
		};
		658E9D552801063A00EBB445 /* HouseBrowse */ = {
			isa = PBXGroup;
			children = (
				658E9D562801063A00EBB445 /* AppDelegate.swift */,
				658E9D582801063A00EBB445 /* SceneDelegate.swift */,
				658E9D5A2801063A00EBB445 /* ViewController.swift */,
				658E9D5C2801063A00EBB445 /* Main.storyboard */,
				658E9D5F2801063C00EBB445 /* Assets.xcassets */,
				658E9D612801063C00EBB445 /* LaunchScreen.storyboard */,
				658E9D642801063C00EBB445 /* Info.plist */,
			);
			path = HouseBrowse;
			sourceTree = "<group>";
		};
		658E9D6C2801063D00EBB445 /* HouseBrowseTests */ = {
			isa = PBXGroup;
			children = (
				658E9D6D2801063D00EBB445 /* HouseBrowseTests.swift */,
			);
			path = HouseBrowseTests;
			sourceTree = "<group>";
		};
		658E9D762801063D00EBB445 /* HouseBrowseUITests */ = {
			isa = PBXGroup;
			children = (
				658E9D772801063D00EBB445 /* HouseBrowseUITests.swift */,
				658E9D792801063D00EBB445 /* HouseBrowseUITestsLaunchTests.swift */,
			);
			path = HouseBrowseUITests;
			sourceTree = "<group>";
		};
		82EC8C94DBA9A07D4AADB720 /* Pods */ = {
			isa = PBXGroup;
			children = (
				8AFDF220AB56C32571244101 /* Pods-HouseBrowse.debug.xcconfig */,
				D4B989C81F2FDB16EFF71CC8 /* Pods-HouseBrowse.release.xcconfig */,
				C6D33CC34899E7A414070B73 /* Pods-HouseBrowse-HouseBrowseUITests.debug.xcconfig */,
				7330E779E52C5C0DFB0DBBAF /* Pods-HouseBrowse-HouseBrowseUITests.release.xcconfig */,
				CCA4F577B725CEEDB835C238 /* Pods-HouseBrowseTests.debug.xcconfig */,
				12CBB012DB2EF22C74F352DC /* Pods-HouseBrowseTests.release.xcconfig */,
			);
			name = Pods;
			path = Pods;
			sourceTree = "<group>";
		};
/* End PBXGroup section */

/* Begin PBXNativeTarget section */
		658E9D522801063A00EBB445 /* HouseBrowse */ = {
			isa = PBXNativeTarget;
			buildConfigurationList = 658E9D7D2801063D00EBB445 /* Build configuration list for PBXNativeTarget "HouseBrowse" */;
			buildPhases = (
				30898A0B46F5AD66306225B8 /* [CP] Check Pods Manifest.lock */,
				658E9D4F2801063A00EBB445 /* Sources */,
				658E9D502801063A00EBB445 /* Frameworks */,
				658E9D512801063A00EBB445 /* Resources */,
				4E78217243B9A0DBF502722E /* [CP] Embed Pods Frameworks */,
			);
			buildRules = (
			);
			dependencies = (
			);
			name = HouseBrowse;
			productName = HouseBrowse;
			productReference = 658E9D532801063A00EBB445 /* HouseBrowse.app */;
			productType = "com.apple.product-type.application";
		};
		658E9D682801063D00EBB445 /* HouseBrowseTests */ = {
			isa = PBXNativeTarget;
			buildConfigurationList = 658E9D802801063D00EBB445 /* Build configuration list for PBXNativeTarget "HouseBrowseTests" */;
			buildPhases = (
				5406C3B8F6C201C294445B94 /* [CP] Check Pods Manifest.lock */,
				658E9D652801063D00EBB445 /* Sources */,
				658E9D662801063D00EBB445 /* Frameworks */,
				658E9D672801063D00EBB445 /* Resources */,
			);
			buildRules = (
			);
			dependencies = (
				658E9D6B2801063D00EBB445 /* PBXTargetDependency */,
			);
			name = HouseBrowseTests;
			productName = HouseBrowseTests;
			productReference = 658E9D692801063D00EBB445 /* HouseBrowseTests.xctest */;
			productType = "com.apple.product-type.bundle.unit-test";
		};
		658E9D722801063D00EBB445 /* HouseBrowseUITests */ = {
			isa = PBXNativeTarget;
			buildConfigurationList = 658E9D832801063D00EBB445 /* Build configuration list for PBXNativeTarget "HouseBrowseUITests" */;
			buildPhases = (
				B35948783D020E47D561D5AA /* [CP] Check Pods Manifest.lock */,
				658E9D6F2801063D00EBB445 /* Sources */,
				658E9D702801063D00EBB445 /* Frameworks */,
				658E9D712801063D00EBB445 /* Resources */,
				4834A281D2DBAE2D156E7ED9 /* [CP] Embed Pods Frameworks */,
			);
			buildRules = (
			);
			dependencies = (
				658E9D752801063D00EBB445 /* PBXTargetDependency */,
			);
			name = HouseBrowseUITests;
			productName = HouseBrowseUITests;
			productReference = 658E9D732801063D00EBB445 /* HouseBrowseUITests.xctest */;
			productType = "com.apple.product-type.bundle.ui-testing";
		};
/* End PBXNativeTarget section */

/* Begin PBXProject section */
		658E9D4B2801063A00EBB445 /* Project object */ = {
			isa = PBXProject;
			attributes = {
				BuildIndependentTargetsInParallel = 1;
				LastSwiftUpdateCheck = 1330;
				LastUpgradeCheck = 1330;
				TargetAttributes = {
					658E9D522801063A00EBB445 = {
						CreatedOnToolsVersion = 13.3;
					};
					658E9D682801063D00EBB445 = {
						CreatedOnToolsVersion = 13.3;
						TestTargetID = 658E9D522801063A00EBB445;
					};
					658E9D722801063D00EBB445 = {
						CreatedOnToolsVersion = 13.3;
						TestTargetID = 658E9D522801063A00EBB445;
					};
				};
			};
			buildConfigurationList = 658E9D4E2801063A00EBB445 /* Build configuration list for PBXProject "HouseBrowse" */;
			compatibilityVersion = "Xcode 13.0";
			developmentRegion = en;
			hasScannedForEncodings = 0;
			knownRegions = (
				en,
				Base,
			);
			mainGroup = 658E9D4A2801063A00EBB445;
			productRefGroup = 658E9D542801063A00EBB445 /* Products */;
			projectDirPath = "";
			projectRoot = "";
			targets = (
				658E9D522801063A00EBB445 /* HouseBrowse */,
				658E9D682801063D00EBB445 /* HouseBrowseTests */,
				658E9D722801063D00EBB445 /* HouseBrowseUITests */,
			);
		};
/* End PBXProject section */

/* Begin PBXResourcesBuildPhase section */
		658E9D512801063A00EBB445 /* Resources */ = {
			isa = PBXResourcesBuildPhase;
			buildActionMask = 2147483647;
			files = (
				658E9D632801063C00EBB445 /* LaunchScreen.storyboard in Resources */,
				658E9D602801063C00EBB445 /* Assets.xcassets in Resources */,
				658E9D5E2801063A00EBB445 /* Main.storyboard in Resources */,
			);
			runOnlyForDeploymentPostprocessing = 0;
		};
		658E9D672801063D00EBB445 /* Resources */ = {
			isa = PBXResourcesBuildPhase;
			buildActionMask = 2147483647;
			files = (
			);
			runOnlyForDeploymentPostprocessing = 0;
		};
		658E9D712801063D00EBB445 /* Resources */ = {
			isa = PBXResourcesBuildPhase;
			buildActionMask = 2147483647;
			files = (
			);
			runOnlyForDeploymentPostprocessing = 0;
		};
/* End PBXResourcesBuildPhase section */

/* Begin PBXShellScriptBuildPhase section */
		30898A0B46F5AD66306225B8 /* [CP] Check Pods Manifest.lock */ = {
			isa = PBXShellScriptBuildPhase;
			buildActionMask = 2147483647;
			files = (
			);
			inputFileListPaths = (
			);
			inputPaths = (
				"${PODS_PODFILE_DIR_PATH}/Podfile.lock",
				"${PODS_ROOT}/Manifest.lock",
			);
			name = "[CP] Check Pods Manifest.lock";
			outputFileListPaths = (
			);
			outputPaths = (
				"$(DERIVED_FILE_DIR)/Pods-HouseBrowse-checkManifestLockResult.txt",
			);
			runOnlyForDeploymentPostprocessing = 0;
			shellPath = /bin/sh;
			shellScript = "diff \"${PODS_PODFILE_DIR_PATH}/Podfile.lock\" \"${PODS_ROOT}/Manifest.lock\" > /dev/null\nif [ $? != 0 ] ; then\n    # print error to STDERR\n    echo \"error: The sandbox is not in sync with the Podfile.lock. Run 'pod install' or update your CocoaPods installation.\" >&2\n    exit 1\nfi\n# This output is used by Xcode 'outputs' to avoid re-running this script phase.\necho \"SUCCESS\" > \"${SCRIPT_OUTPUT_FILE_0}\"\n";
			showEnvVarsInLog = 0;
		};
		4834A281D2DBAE2D156E7ED9 /* [CP] Embed Pods Frameworks */ = {
			isa = PBXShellScriptBuildPhase;
			buildActionMask = 2147483647;
			files = (
			);
			inputFileListPaths = (
				"${PODS_ROOT}/Target Support Files/Pods-HouseBrowse-HouseBrowseUITests/Pods-HouseBrowse-HouseBrowseUITests-frameworks-${CONFIGURATION}-input-files.xcfilelist",
			);
			name = "[CP] Embed Pods Frameworks";
			outputFileListPaths = (
				"${PODS_ROOT}/Target Support Files/Pods-HouseBrowse-HouseBrowseUITests/Pods-HouseBrowse-HouseBrowseUITests-frameworks-${CONFIGURATION}-output-files.xcfilelist",
			);
			runOnlyForDeploymentPostprocessing = 0;
			shellPath = /bin/sh;
			shellScript = "\"${PODS_ROOT}/Target Support Files/Pods-HouseBrowse-HouseBrowseUITests/Pods-HouseBrowse-HouseBrowseUITests-frameworks.sh\"\n";
			showEnvVarsInLog = 0;
		};
		4E78217243B9A0DBF502722E /* [CP] Embed Pods Frameworks */ = {
			isa = PBXShellScriptBuildPhase;
			buildActionMask = 2147483647;
			files = (
			);
			inputFileListPaths = (
				"${PODS_ROOT}/Target Support Files/Pods-HouseBrowse/Pods-HouseBrowse-frameworks-${CONFIGURATION}-input-files.xcfilelist",
			);
			name = "[CP] Embed Pods Frameworks";
			outputFileListPaths = (
				"${PODS_ROOT}/Target Support Files/Pods-HouseBrowse/Pods-HouseBrowse-frameworks-${CONFIGURATION}-output-files.xcfilelist",
			);
			runOnlyForDeploymentPostprocessing = 0;
			shellPath = /bin/sh;
			shellScript = "\"${PODS_ROOT}/Target Support Files/Pods-HouseBrowse/Pods-HouseBrowse-frameworks.sh\"\n";
			showEnvVarsInLog = 0;
		};
		5406C3B8F6C201C294445B94 /* [CP] Check Pods Manifest.lock */ = {
			isa = PBXShellScriptBuildPhase;
			buildActionMask = 2147483647;
			files = (
			);
			inputFileListPaths = (
			);
			inputPaths = (
				"${PODS_PODFILE_DIR_PATH}/Podfile.lock",
				"${PODS_ROOT}/Manifest.lock",
			);
			name = "[CP] Check Pods Manifest.lock";
			outputFileListPaths = (
			);
			outputPaths = (
				"$(DERIVED_FILE_DIR)/Pods-HouseBrowseTests-checkManifestLockResult.txt",
			);
			runOnlyForDeploymentPostprocessing = 0;
			shellPath = /bin/sh;
			shellScript = "diff \"${PODS_PODFILE_DIR_PATH}/Podfile.lock\" \"${PODS_ROOT}/Manifest.lock\" > /dev/null\nif [ $? != 0 ] ; then\n    # print error to STDERR\n    echo \"error: The sandbox is not in sync with the Podfile.lock. Run 'pod install' or update your CocoaPods installation.\" >&2\n    exit 1\nfi\n# This output is used by Xcode 'outputs' to avoid re-running this script phase.\necho \"SUCCESS\" > \"${SCRIPT_OUTPUT_FILE_0}\"\n";
			showEnvVarsInLog = 0;
		};
		B35948783D020E47D561D5AA /* [CP] Check Pods Manifest.lock */ = {
			isa = PBXShellScriptBuildPhase;
			buildActionMask = 2147483647;
			files = (
			);
			inputFileListPaths = (
			);
			inputPaths = (
				"${PODS_PODFILE_DIR_PATH}/Podfile.lock",
				"${PODS_ROOT}/Manifest.lock",
			);
			name = "[CP] Check Pods Manifest.lock";
			outputFileListPaths = (
			);
			outputPaths = (
				"$(DERIVED_FILE_DIR)/Pods-HouseBrowse-HouseBrowseUITests-checkManifestLockResult.txt",
			);
			runOnlyForDeploymentPostprocessing = 0;
			shellPath = /bin/sh;
			shellScript = "diff \"${PODS_PODFILE_DIR_PATH}/Podfile.lock\" \"${PODS_ROOT}/Manifest.lock\" > /dev/null\nif [ $? != 0 ] ; then\n    # print error to STDERR\n    echo \"error: The sandbox is not in sync with the Podfile.lock. Run 'pod install' or update your CocoaPods installation.\" >&2\n    exit 1\nfi\n# This output is used by Xcode 'outputs' to avoid re-running this script phase.\necho \"SUCCESS\" > \"${SCRIPT_OUTPUT_FILE_0}\"\n";
			showEnvVarsInLog = 0;
		};
/* End PBXShellScriptBuildPhase section */

/* Begin PBXSourcesBuildPhase section */
		658E9D4F2801063A00EBB445 /* Sources */ = {
			isa = PBXSourcesBuildPhase;
			buildActionMask = 2147483647;
			files = (
				658E9D5B2801063A00EBB445 /* ViewController.swift in Sources */,
				658E9D572801063A00EBB445 /* AppDelegate.swift in Sources */,
				658E9D592801063A00EBB445 /* SceneDelegate.swift in Sources */,
			);
			runOnlyForDeploymentPostprocessing = 0;
		};
		658E9D652801063D00EBB445 /* Sources */ = {
			isa = PBXSourcesBuildPhase;
			buildActionMask = 2147483647;
			files = (
				658E9D6E2801063D00EBB445 /* HouseBrowseTests.swift in Sources */,
			);
			runOnlyForDeploymentPostprocessing = 0;
		};
		658E9D6F2801063D00EBB445 /* Sources */ = {
			isa = PBXSourcesBuildPhase;
			buildActionMask = 2147483647;
			files = (
				658E9D782801063D00EBB445 /* HouseBrowseUITests.swift in Sources */,
				658E9D7A2801063D00EBB445 /* HouseBrowseUITestsLaunchTests.swift in Sources */,
			);
			runOnlyForDeploymentPostprocessing = 0;
		};
/* End PBXSourcesBuildPhase section */

/* Begin PBXTargetDependency section */
		658E9D6B2801063D00EBB445 /* PBXTargetDependency */ = {
			isa = PBXTargetDependency;
			target = 658E9D522801063A00EBB445 /* HouseBrowse */;
			targetProxy = 658E9D6A2801063D00EBB445 /* PBXContainerItemProxy */;
		};
		658E9D752801063D00EBB445 /* PBXTargetDependency */ = {
			isa = PBXTargetDependency;
			target = 658E9D522801063A00EBB445 /* HouseBrowse */;
			targetProxy = 658E9D742801063D00EBB445 /* PBXContainerItemProxy */;
		};
/* End PBXTargetDependency section */

/* Begin PBXVariantGroup section */
		658E9D5C2801063A00EBB445 /* Main.storyboard */ = {
			isa = PBXVariantGroup;
			children = (
				658E9D5D2801063A00EBB445 /* Base */,
			);
			name = Main.storyboard;
			sourceTree = "<group>";
		};
		658E9D612801063C00EBB445 /* LaunchScreen.storyboard */ = {
			isa = PBXVariantGroup;
			children = (
				658E9D622801063C00EBB445 /* Base */,
			);
			name = LaunchScreen.storyboard;
			sourceTree = "<group>";
		};
/* End PBXVariantGroup section */

/* Begin XCBuildConfiguration section */
		658E9D7B2801063D00EBB445 /* Debug */ = {
			isa = XCBuildConfiguration;
			buildSettings = {
				ALWAYS_SEARCH_USER_PATHS = NO;
				CLANG_ANALYZER_NONNULL = YES;
				CLANG_ANALYZER_NUMBER_OBJECT_CONVERSION = YES_AGGRESSIVE;
				CLANG_CXX_LANGUAGE_STANDARD = "gnu++17";
				CLANG_ENABLE_MODULES = YES;
				CLANG_ENABLE_OBJC_ARC = YES;
				CLANG_ENABLE_OBJC_WEAK = YES;
				CLANG_WARN_BLOCK_CAPTURE_AUTORELEASING = YES;
				CLANG_WARN_BOOL_CONVERSION = YES;
				CLANG_WARN_COMMA = YES;
				CLANG_WARN_CONSTANT_CONVERSION = YES;
				CLANG_WARN_DEPRECATED_OBJC_IMPLEMENTATIONS = YES;
				CLANG_WARN_DIRECT_OBJC_ISA_USAGE = YES_ERROR;
				CLANG_WARN_DOCUMENTATION_COMMENTS = YES;
				CLANG_WARN_EMPTY_BODY = YES;
				CLANG_WARN_ENUM_CONVERSION = YES;
				CLANG_WARN_INFINITE_RECURSION = YES;
				CLANG_WARN_INT_CONVERSION = YES;
				CLANG_WARN_NON_LITERAL_NULL_CONVERSION = YES;
				CLANG_WARN_OBJC_IMPLICIT_RETAIN_SELF = YES;
				CLANG_WARN_OBJC_LITERAL_CONVERSION = YES;
				CLANG_WARN_OBJC_ROOT_CLASS = YES_ERROR;
				CLANG_WARN_QUOTED_INCLUDE_IN_FRAMEWORK_HEADER = YES;
				CLANG_WARN_RANGE_LOOP_ANALYSIS = YES;
				CLANG_WARN_STRICT_PROTOTYPES = YES;
				CLANG_WARN_SUSPICIOUS_MOVE = YES;
				CLANG_WARN_UNGUARDED_AVAILABILITY = YES_AGGRESSIVE;
				CLANG_WARN_UNREACHABLE_CODE = YES;
				CLANG_WARN__DUPLICATE_METHOD_MATCH = YES;
				COPY_PHASE_STRIP = NO;
				DEBUG_INFORMATION_FORMAT = dwarf;
				ENABLE_STRICT_OBJC_MSGSEND = YES;
				ENABLE_TESTABILITY = YES;
				GCC_C_LANGUAGE_STANDARD = gnu11;
				GCC_DYNAMIC_NO_PIC = NO;
				GCC_NO_COMMON_BLOCKS = YES;
				GCC_OPTIMIZATION_LEVEL = 0;
				GCC_PREPROCESSOR_DEFINITIONS = (
					"DEBUG=1",
					"$(inherited)",
				);
				GCC_WARN_64_TO_32_BIT_CONVERSION = YES;
				GCC_WARN_ABOUT_RETURN_TYPE = YES_ERROR;
				GCC_WARN_UNDECLARED_SELECTOR = YES;
				GCC_WARN_UNINITIALIZED_AUTOS = YES_AGGRESSIVE;
				GCC_WARN_UNUSED_FUNCTION = YES;
				GCC_WARN_UNUSED_VARIABLE = YES;
				IPHONEOS_DEPLOYMENT_TARGET = 15.4;
				MTL_ENABLE_DEBUG_INFO = INCLUDE_SOURCE;
				MTL_FAST_MATH = YES;
				ONLY_ACTIVE_ARCH = YES;
				SDKROOT = iphoneos;
				SWIFT_ACTIVE_COMPILATION_CONDITIONS = DEBUG;
				SWIFT_OPTIMIZATION_LEVEL = "-Onone";
			};
			name = Debug;
		};
		658E9D7C2801063D00EBB445 /* Release */ = {
			isa = XCBuildConfiguration;
			buildSettings = {
				ALWAYS_SEARCH_USER_PATHS = NO;
				CLANG_ANALYZER_NONNULL = YES;
				CLANG_ANALYZER_NUMBER_OBJECT_CONVERSION = YES_AGGRESSIVE;
				CLANG_CXX_LANGUAGE_STANDARD = "gnu++17";
				CLANG_ENABLE_MODULES = YES;
				CLANG_ENABLE_OBJC_ARC = YES;
				CLANG_ENABLE_OBJC_WEAK = YES;
				CLANG_WARN_BLOCK_CAPTURE_AUTORELEASING = YES;
				CLANG_WARN_BOOL_CONVERSION = YES;
				CLANG_WARN_COMMA = YES;
				CLANG_WARN_CONSTANT_CONVERSION = YES;
				CLANG_WARN_DEPRECATED_OBJC_IMPLEMENTATIONS = YES;
				CLANG_WARN_DIRECT_OBJC_ISA_USAGE = YES_ERROR;
				CLANG_WARN_DOCUMENTATION_COMMENTS = YES;
				CLANG_WARN_EMPTY_BODY = YES;
				CLANG_WARN_ENUM_CONVERSION = YES;
				CLANG_WARN_INFINITE_RECURSION = YES;
				CLANG_WARN_INT_CONVERSION = YES;
				CLANG_WARN_NON_LITERAL_NULL_CONVERSION = YES;
				CLANG_WARN_OBJC_IMPLICIT_RETAIN_SELF = YES;
				CLANG_WARN_OBJC_LITERAL_CONVERSION = YES;
				CLANG_WARN_OBJC_ROOT_CLASS = YES_ERROR;
				CLANG_WARN_QUOTED_INCLUDE_IN_FRAMEWORK_HEADER = YES;
				CLANG_WARN_RANGE_LOOP_ANALYSIS = YES;
				CLANG_WARN_STRICT_PROTOTYPES = YES;
				CLANG_WARN_SUSPICIOUS_MOVE = YES;
				CLANG_WARN_UNGUARDED_AVAILABILITY = YES_AGGRESSIVE;
				CLANG_WARN_UNREACHABLE_CODE = YES;
				CLANG_WARN__DUPLICATE_METHOD_MATCH = YES;
				COPY_PHASE_STRIP = NO;
				DEBUG_INFORMATION_FORMAT = "dwarf-with-dsym";
				ENABLE_NS_ASSERTIONS = NO;
				ENABLE_STRICT_OBJC_MSGSEND = YES;
				GCC_C_LANGUAGE_STANDARD = gnu11;
				GCC_NO_COMMON_BLOCKS = YES;
				GCC_WARN_64_TO_32_BIT_CONVERSION = YES;
				GCC_WARN_ABOUT_RETURN_TYPE = YES_ERROR;
				GCC_WARN_UNDECLARED_SELECTOR = YES;
				GCC_WARN_UNINITIALIZED_AUTOS = YES_AGGRESSIVE;
				GCC_WARN_UNUSED_FUNCTION = YES;
				GCC_WARN_UNUSED_VARIABLE = YES;
				IPHONEOS_DEPLOYMENT_TARGET = 15.4;
				MTL_ENABLE_DEBUG_INFO = NO;
				MTL_FAST_MATH = YES;
				SDKROOT = iphoneos;
				SWIFT_COMPILATION_MODE = wholemodule;
				SWIFT_OPTIMIZATION_LEVEL = "-O";
				VALIDATE_PRODUCT = YES;
			};
			name = Release;
		};
		658E9D7E2801063D00EBB445 /* Debug */ = {
			isa = XCBuildConfiguration;
			baseConfigurationReference = 8AFDF220AB56C32571244101 /* Pods-HouseBrowse.debug.xcconfig */;
			buildSettings = {
				ASSETCATALOG_COMPILER_APPICON_NAME = AppIcon;
				ASSETCATALOG_COMPILER_GLOBAL_ACCENT_COLOR_NAME = AccentColor;
				CODE_SIGN_STYLE = Automatic;
				CURRENT_PROJECT_VERSION = 1;
				DEVELOPMENT_TEAM = 9PT9Y28877;
				GENERATE_INFOPLIST_FILE = YES;
				INFOPLIST_FILE = HouseBrowse/Info.plist;
				INFOPLIST_KEY_UIApplicationSupportsIndirectInputEvents = YES;
				INFOPLIST_KEY_UILaunchStoryboardName = LaunchScreen;
				INFOPLIST_KEY_UIMainStoryboardFile = Main;
				INFOPLIST_KEY_UISupportedInterfaceOrientations_iPad = "UIInterfaceOrientationPortrait UIInterfaceOrientationPortraitUpsideDown UIInterfaceOrientationLandscapeLeft UIInterfaceOrientationLandscapeRight";
				INFOPLIST_KEY_UISupportedInterfaceOrientations_iPhone = "UIInterfaceOrientationPortrait UIInterfaceOrientationLandscapeLeft UIInterfaceOrientationLandscapeRight";
				LD_RUNPATH_SEARCH_PATHS = (
					"$(inherited)",
					"@executable_path/Frameworks",
				);
				MARKETING_VERSION = 1.0;
				PRODUCT_BUNDLE_IDENTIFIER = com.codepath.HouseBrowse;
				PRODUCT_NAME = "$(TARGET_NAME)";
				SWIFT_EMIT_LOC_STRINGS = YES;
				SWIFT_VERSION = 5.0;
				TARGETED_DEVICE_FAMILY = "1,2";
			};
			name = Debug;
		};
		658E9D7F2801063D00EBB445 /* Release */ = {
			isa = XCBuildConfiguration;
			baseConfigurationReference = D4B989C81F2FDB16EFF71CC8 /* Pods-HouseBrowse.release.xcconfig */;
			buildSettings = {
				ASSETCATALOG_COMPILER_APPICON_NAME = AppIcon;
				ASSETCATALOG_COMPILER_GLOBAL_ACCENT_COLOR_NAME = AccentColor;
				CODE_SIGN_STYLE = Automatic;
				CURRENT_PROJECT_VERSION = 1;
				DEVELOPMENT_TEAM = 9PT9Y28877;
				GENERATE_INFOPLIST_FILE = YES;
				INFOPLIST_FILE = HouseBrowse/Info.plist;
				INFOPLIST_KEY_UIApplicationSupportsIndirectInputEvents = YES;
				INFOPLIST_KEY_UILaunchStoryboardName = LaunchScreen;
				INFOPLIST_KEY_UIMainStoryboardFile = Main;
				INFOPLIST_KEY_UISupportedInterfaceOrientations_iPad = "UIInterfaceOrientationPortrait UIInterfaceOrientationPortraitUpsideDown UIInterfaceOrientationLandscapeLeft UIInterfaceOrientationLandscapeRight";
				INFOPLIST_KEY_UISupportedInterfaceOrientations_iPhone = "UIInterfaceOrientationPortrait UIInterfaceOrientationLandscapeLeft UIInterfaceOrientationLandscapeRight";
				LD_RUNPATH_SEARCH_PATHS = (
					"$(inherited)",
					"@executable_path/Frameworks",
				);
				MARKETING_VERSION = 1.0;
				PRODUCT_BUNDLE_IDENTIFIER = com.codepath.HouseBrowse;
				PRODUCT_NAME = "$(TARGET_NAME)";
				SWIFT_EMIT_LOC_STRINGS = YES;
				SWIFT_VERSION = 5.0;
				TARGETED_DEVICE_FAMILY = "1,2";
			};
			name = Release;
		};
		658E9D812801063D00EBB445 /* Debug */ = {
			isa = XCBuildConfiguration;
			baseConfigurationReference = CCA4F577B725CEEDB835C238 /* Pods-HouseBrowseTests.debug.xcconfig */;
			buildSettings = {
				ALWAYS_EMBED_SWIFT_STANDARD_LIBRARIES = YES;
				BUNDLE_LOADER = "$(TEST_HOST)";
				CODE_SIGN_STYLE = Automatic;
				CURRENT_PROJECT_VERSION = 1;
				DEVELOPMENT_TEAM = 9PT9Y28877;
				GENERATE_INFOPLIST_FILE = YES;
				IPHONEOS_DEPLOYMENT_TARGET = 15.4;
				MARKETING_VERSION = 1.0;
				PRODUCT_BUNDLE_IDENTIFIER = com.codepath.HouseBrowseTests;
				PRODUCT_NAME = "$(TARGET_NAME)";
				SWIFT_EMIT_LOC_STRINGS = NO;
				SWIFT_VERSION = 5.0;
				TARGETED_DEVICE_FAMILY = "1,2";
				TEST_HOST = "$(BUILT_PRODUCTS_DIR)/HouseBrowse.app/HouseBrowse";
			};
			name = Debug;
		};
		658E9D822801063D00EBB445 /* Release */ = {
			isa = XCBuildConfiguration;
			baseConfigurationReference = 12CBB012DB2EF22C74F352DC /* Pods-HouseBrowseTests.release.xcconfig */;
			buildSettings = {
				ALWAYS_EMBED_SWIFT_STANDARD_LIBRARIES = YES;
				BUNDLE_LOADER = "$(TEST_HOST)";
				CODE_SIGN_STYLE = Automatic;
				CURRENT_PROJECT_VERSION = 1;
				DEVELOPMENT_TEAM = 9PT9Y28877;
				GENERATE_INFOPLIST_FILE = YES;
				IPHONEOS_DEPLOYMENT_TARGET = 15.4;
				MARKETING_VERSION = 1.0;
				PRODUCT_BUNDLE_IDENTIFIER = com.codepath.HouseBrowseTests;
				PRODUCT_NAME = "$(TARGET_NAME)";
				SWIFT_EMIT_LOC_STRINGS = NO;
				SWIFT_VERSION = 5.0;
				TARGETED_DEVICE_FAMILY = "1,2";
				TEST_HOST = "$(BUILT_PRODUCTS_DIR)/HouseBrowse.app/HouseBrowse";
			};
			name = Release;
		};
		658E9D842801063D00EBB445 /* Debug */ = {
			isa = XCBuildConfiguration;
			baseConfigurationReference = C6D33CC34899E7A414070B73 /* Pods-HouseBrowse-HouseBrowseUITests.debug.xcconfig */;
			buildSettings = {
				ALWAYS_EMBED_SWIFT_STANDARD_LIBRARIES = YES;
				CODE_SIGN_STYLE = Automatic;
				CURRENT_PROJECT_VERSION = 1;
				DEVELOPMENT_TEAM = 9PT9Y28877;
				GENERATE_INFOPLIST_FILE = YES;
				MARKETING_VERSION = 1.0;
				PRODUCT_BUNDLE_IDENTIFIER = com.codepath.HouseBrowseUITests;
				PRODUCT_NAME = "$(TARGET_NAME)";
				SWIFT_EMIT_LOC_STRINGS = NO;
				SWIFT_VERSION = 5.0;
				TARGETED_DEVICE_FAMILY = "1,2";
				TEST_TARGET_NAME = HouseBrowse;
			};
			name = Debug;
		};
		658E9D852801063D00EBB445 /* Release */ = {
			isa = XCBuildConfiguration;
			baseConfigurationReference = 7330E779E52C5C0DFB0DBBAF /* Pods-HouseBrowse-HouseBrowseUITests.release.xcconfig */;
			buildSettings = {
				ALWAYS_EMBED_SWIFT_STANDARD_LIBRARIES = YES;
				CODE_SIGN_STYLE = Automatic;
				CURRENT_PROJECT_VERSION = 1;
				DEVELOPMENT_TEAM = 9PT9Y28877;
				GENERATE_INFOPLIST_FILE = YES;
				MARKETING_VERSION = 1.0;
				PRODUCT_BUNDLE_IDENTIFIER = com.codepath.HouseBrowseUITests;
				PRODUCT_NAME = "$(TARGET_NAME)";
				SWIFT_EMIT_LOC_STRINGS = NO;
				SWIFT_VERSION = 5.0;
				TARGETED_DEVICE_FAMILY = "1,2";
				TEST_TARGET_NAME = HouseBrowse;
			};
			name = Release;
		};
/* End XCBuildConfiguration section */

/* Begin XCConfigurationList section */
		658E9D4E2801063A00EBB445 /* Build configuration list for PBXProject "HouseBrowse" */ = {
			isa = XCConfigurationList;
			buildConfigurations = (
				658E9D7B2801063D00EBB445 /* Debug */,
				658E9D7C2801063D00EBB445 /* Release */,
			);
			defaultConfigurationIsVisible = 0;
			defaultConfigurationName = Release;
		};
		658E9D7D2801063D00EBB445 /* Build configuration list for PBXNativeTarget "HouseBrowse" */ = {
			isa = XCConfigurationList;
			buildConfigurations = (
				658E9D7E2801063D00EBB445 /* Debug */,
				658E9D7F2801063D00EBB445 /* Release */,
			);
			defaultConfigurationIsVisible = 0;
			defaultConfigurationName = Release;
		};
		658E9D802801063D00EBB445 /* Build configuration list for PBXNativeTarget "HouseBrowseTests" */ = {
			isa = XCConfigurationList;
			buildConfigurations = (
				658E9D812801063D00EBB445 /* Debug */,
				658E9D822801063D00EBB445 /* Release */,
			);
			defaultConfigurationIsVisible = 0;
			defaultConfigurationName = Release;
		};
		658E9D832801063D00EBB445 /* Build configuration list for PBXNativeTarget "HouseBrowseUITests" */ = {
			isa = XCConfigurationList;
			buildConfigurations = (
				658E9D842801063D00EBB445 /* Debug */,
				658E9D852801063D00EBB445 /* Release */,
			);
			defaultConfigurationIsVisible = 0;
			defaultConfigurationName = Release;
		};
/* End XCConfigurationList section */
	};
	rootObject = 658E9D4B2801063A00EBB445 /* Project object */;
}
